<Solution>
  <Folder Name="/external/">
    <Project Path="Trionic/TrionicCANLib/TrionicCANLib.csproj" />
  </Folder>
  <Project Path="MapControls/MapControls.csproj" />
  <Project Path="MapControlsDemo/MapControlsDemo.csproj" />
  <Project Path="MapControlsTest/MapControlsTest.csproj" />
  <Project Path="SuiteApp/SuiteApp.csproj" />
  <Project Path="SuiteCore/SuiteCore.csproj" />
  <Project Path="SuiteCoreTest/SuiteCoreTest.csproj" />
  <Project Path="T7App/T7App.csproj" />
  <Project Path="T7AppTest/T7AppTest.csproj" />
  <Project Path="T7Core/T7Core.csproj" />
  <Project Path="T7CoreTest/T7CoreTest.csproj" />
  <Project Path="T8App/T8App.csproj" />
  <Project Path="T8AppTest/T8AppTest.csproj" />
  <Project Path="T8Core/T8Core.csproj" />
  <Project Path="T8CoreTest/T8CoreTest.csproj" />
  <Project Path="WidebandSupport/WidebandSupport.csproj" />
</Solution>
